
Microsoft Visual Studio Solution File, Format Version 12.00
# Visual Studio Version 17
VisualStudioVersion = 17.4.33213.308
MinimumVisualStudioVersion = 10.0.40219.1
Project("{2150E333-8FDC-42A3-9474-1A3956D46DE8}") = "Examples", "Examples", "{DA2DA41D-5029-4753-997B-12347F14B2CD}"
EndProject
Project("{2150E333-8FDC-42A3-9474-1A3956D46DE8}") = "Source", "Source", "{252FC743-833C-4818-9428-121EC82A14D4}"
EndProject
Project("{9A19103F-16F7-4668-BE54-9A1E7A4F7556}") = "SharpLSL", "..\Source\SharpLSL\SharpLSL.csproj", "{C0C0F664-5180-431B-B2F2-0D52A42D6340}"
EndProject
Project("{9A19103F-16F7-4668-BE54-9A1E7A4F7556}") = "GetAllStreams", "GetAllStreams\GetAllStreams.csproj", "{2389CE6F-2F46-45DA-9A17-5A28CBFC8F2C}"
EndProject
Project("{9A19103F-16F7-4668-BE54-9A1E7A4F7556}") = "GetFullInfo", "GetFullInfo\GetFullInfo.csproj", "{043CA48E-E505-4754-8CA0-CD0ACC65D237}"
EndProject
Project("{9A19103F-16F7-4668-BE54-9A1E7A4F7556}") = "GetTimeCorrection", "GetTimeCorrection\GetTimeCorrection.csproj", "{7E3DA45D-E1B7-4769-A82C-264BFF1DBF63}"
EndProject
Project("{9A19103F-16F7-4668-BE54-9A1E7A4F7556}") = "HandleMetaData", "HandleMetaData\HandleMetaData.csproj", "{FFFB3D63-A7EE-4F34-B641-9C11AC3B03D1}"
EndProject
Project("{9A19103F-16F7-4668-BE54-9A1E7A4F7556}") = "LSLVer", "LSLVer\LSLVer.csproj", "{D5FA6643-31B0-406E-9D86-A0F411F07E16}"
EndProject
Project("{9A19103F-16F7-4668-BE54-9A1E7A4F7556}") = "ReceiveData", "ReceiveData\ReceiveData.csproj", "{DB729D3A-564F-42D2-8334-61959A22030F}"
EndProject
Project("{9A19103F-16F7-4668-BE54-9A1E7A4F7556}") = "ReceiveDataInChunks", "ReceiveDataInChunks\ReceiveDataInChunks.csproj", "{9FD836E4-2FA7-4222-9FB2-D7F66EAB5E57}"
EndProject
Project("{9A19103F-16F7-4668-BE54-9A1E7A4F7556}") = "SendData", "SendData\SendData.csproj", "{C9FE85C8-3A39-44AA-B2F4-8DC4899187FB}"
EndProject
Project("{9A19103F-16F7-4668-BE54-9A1E7A4F7556}") = "ReceiveDataSample", "ReceiveDataSample\ReceiveDataSample.csproj", "{46584BDA-91FA-421F-8652-F746428D438D}"
EndProject
Project("{9A19103F-16F7-4668-BE54-9A1E7A4F7556}") = "SendStringMarkers", "SendStringMarkers\SendStringMarkers.csproj", "{08775229-50BD-4677-B801-62EDF3D0DA36}"
EndProject
Project("{9A19103F-16F7-4668-BE54-9A1E7A4F7556}") = "ReceiveStringMarkers", "ReceiveStringMarkers\ReceiveStringMarkers.csproj", "{E5C7EAAC-A9CD-492D-926A-C23319660906}"
EndProject
Project("{9A19103F-16F7-4668-BE54-9A1E7A4F7556}") = "TestSyncWithoutData", "TestSyncWithoutData\TestSyncWithoutData.csproj", "{FC156A16-E917-4F22-8280-0301C7A36B8C}"
EndProject
Project("{9A19103F-16F7-4668-BE54-9A1E7A4F7556}") = "SendDataMinimal", "SendDataMinimal\SendDataMinimal.csproj", "{2A24912A-9C36-4503-827E-F862A27C6ECE}"
EndProject
Project("{9A19103F-16F7-4668-BE54-9A1E7A4F7556}") = "SendDataSimple", "SendDataSimple\SendDataSimple.csproj", "{9482E1FA-8F22-4A51-AAD0-AC02FB4D4F73}"
EndProject
Project("{9A19103F-16F7-4668-BE54-9A1E7A4F7556}") = "SendMultipleStreams", "SendMultipleStreams\SendMultipleStreams.csproj", "{7D2EE9E2-14FB-4980-B0DE-B556BC46A7B7}"
EndProject
Project("{9A19103F-16F7-4668-BE54-9A1E7A4F7556}") = "SendDataInChunks", "SendDataInChunks\SendDataInChunks.csproj", "{F22B8278-7EDB-476B-967E-10B86BA39DFA}"
EndProject
Project("{9A19103F-16F7-4668-BE54-9A1E7A4F7556}") = "GetLocalClock", "GetLocalClock\GetLocalClock.csproj", "{8F83877A-86AC-43AD-8FF9-ABAB60C5D892}"
EndProject
Global
	GlobalSection(SolutionConfigurationPlatforms) = preSolution
		Debug|Any CPU = Debug|Any CPU
		Release|Any CPU = Release|Any CPU
	EndGlobalSection
	GlobalSection(ProjectConfigurationPlatforms) = postSolution
		{C0C0F664-5180-431B-B2F2-0D52A42D6340}.Debug|Any CPU.ActiveCfg = Debug|Any CPU
		{C0C0F664-5180-431B-B2F2-0D52A42D6340}.Debug|Any CPU.Build.0 = Debug|Any CPU
		{C0C0F664-5180-431B-B2F2-0D52A42D6340}.Release|Any CPU.ActiveCfg = Release|Any CPU
		{C0C0F664-5180-431B-B2F2-0D52A42D6340}.Release|Any CPU.Build.0 = Release|Any CPU
		{2389CE6F-2F46-45DA-9A17-5A28CBFC8F2C}.Debug|Any CPU.ActiveCfg = Debug|Any CPU
		{2389CE6F-2F46-45DA-9A17-5A28CBFC8F2C}.Debug|Any CPU.Build.0 = Debug|Any CPU
		{2389CE6F-2F46-45DA-9A17-5A28CBFC8F2C}.Release|Any CPU.ActiveCfg = Release|Any CPU
		{2389CE6F-2F46-45DA-9A17-5A28CBFC8F2C}.Release|Any CPU.Build.0 = Release|Any CPU
		{043CA48E-E505-4754-8CA0-CD0ACC65D237}.Debug|Any CPU.ActiveCfg = Debug|Any CPU
		{043CA48E-E505-4754-8CA0-CD0ACC65D237}.Debug|Any CPU.Build.0 = Debug|Any CPU
		{043CA48E-E505-4754-8CA0-CD0ACC65D237}.Release|Any CPU.ActiveCfg = Release|Any CPU
		{043CA48E-E505-4754-8CA0-CD0ACC65D237}.Release|Any CPU.Build.0 = Release|Any CPU
		{7E3DA45D-E1B7-4769-A82C-264BFF1DBF63}.Debug|Any CPU.ActiveCfg = Debug|Any CPU
		{7E3DA45D-E1B7-4769-A82C-264BFF1DBF63}.Debug|Any CPU.Build.0 = Debug|Any CPU
		{7E3DA45D-E1B7-4769-A82C-264BFF1DBF63}.Release|Any CPU.ActiveCfg = Release|Any CPU
		{7E3DA45D-E1B7-4769-A82C-264BFF1DBF63}.Release|Any CPU.Build.0 = Release|Any CPU
		{FFFB3D63-A7EE-4F34-B641-9C11AC3B03D1}.Debug|Any CPU.ActiveCfg = Debug|Any CPU
		{FFFB3D63-A7EE-4F34-B641-9C11AC3B03D1}.Debug|Any CPU.Build.0 = Debug|Any CPU
		{FFFB3D63-A7EE-4F34-B641-9C11AC3B03D1}.Release|Any CPU.ActiveCfg = Release|Any CPU
		{FFFB3D63-A7EE-4F34-B641-9C11AC3B03D1}.Release|Any CPU.Build.0 = Release|Any CPU
		{D5FA6643-31B0-406E-9D86-A0F411F07E16}.Debug|Any CPU.ActiveCfg = Debug|Any CPU
		{D5FA6643-31B0-406E-9D86-A0F411F07E16}.Debug|Any CPU.Build.0 = Debug|Any CPU
		{D5FA6643-31B0-406E-9D86-A0F411F07E16}.Release|Any CPU.ActiveCfg = Release|Any CPU
		{D5FA6643-31B0-406E-9D86-A0F411F07E16}.Release|Any CPU.Build.0 = Release|Any CPU
		{DB729D3A-564F-42D2-8334-61959A22030F}.Debug|Any CPU.ActiveCfg = Debug|Any CPU
		{DB729D3A-564F-42D2-8334-61959A22030F}.Debug|Any CPU.Build.0 = Debug|Any CPU
		{DB729D3A-564F-42D2-8334-61959A22030F}.Release|Any CPU.ActiveCfg = Release|Any CPU
		{DB729D3A-564F-42D2-8334-61959A22030F}.Release|Any CPU.Build.0 = Release|Any CPU
		{9FD836E4-2FA7-4222-9FB2-D7F66EAB5E57}.Debug|Any CPU.ActiveCfg = Debug|Any CPU
		{9FD836E4-2FA7-4222-9FB2-D7F66EAB5E57}.Debug|Any CPU.Build.0 = Debug|Any CPU
		{9FD836E4-2FA7-4222-9FB2-D7F66EAB5E57}.Release|Any CPU.ActiveCfg = Release|Any CPU
		{9FD836E4-2FA7-4222-9FB2-D7F66EAB5E57}.Release|Any CPU.Build.0 = Release|Any CPU
		{C9FE85C8-3A39-44AA-B2F4-8DC4899187FB}.Debug|Any CPU.ActiveCfg = Debug|Any CPU
		{C9FE85C8-3A39-44AA-B2F4-8DC4899187FB}.Debug|Any CPU.Build.0 = Debug|Any CPU
		{C9FE85C8-3A39-44AA-B2F4-8DC4899187FB}.Release|Any CPU.ActiveCfg = Release|Any CPU
		{C9FE85C8-3A39-44AA-B2F4-8DC4899187FB}.Release|Any CPU.Build.0 = Release|Any CPU
		{46584BDA-91FA-421F-8652-F746428D438D}.Debug|Any CPU.ActiveCfg = Debug|Any CPU
		{46584BDA-91FA-421F-8652-F746428D438D}.Debug|Any CPU.Build.0 = Debug|Any CPU
		{46584BDA-91FA-421F-8652-F746428D438D}.Release|Any CPU.ActiveCfg = Release|Any CPU
		{46584BDA-91FA-421F-8652-F746428D438D}.Release|Any CPU.Build.0 = Release|Any CPU
		{08775229-50BD-4677-B801-62EDF3D0DA36}.Debug|Any CPU.ActiveCfg = Debug|Any CPU
		{08775229-50BD-4677-B801-62EDF3D0DA36}.Debug|Any CPU.Build.0 = Debug|Any CPU
		{08775229-50BD-4677-B801-62EDF3D0DA36}.Release|Any CPU.ActiveCfg = Release|Any CPU
		{08775229-50BD-4677-B801-62EDF3D0DA36}.Release|Any CPU.Build.0 = Release|Any CPU
		{E5C7EAAC-A9CD-492D-926A-C23319660906}.Debug|Any CPU.ActiveCfg = Debug|Any CPU
		{E5C7EAAC-A9CD-492D-926A-C23319660906}.Debug|Any CPU.Build.0 = Debug|Any CPU
		{E5C7EAAC-A9CD-492D-926A-C23319660906}.Release|Any CPU.ActiveCfg = Release|Any CPU
		{E5C7EAAC-A9CD-492D-926A-C23319660906}.Release|Any CPU.Build.0 = Release|Any CPU
		{FC156A16-E917-4F22-8280-0301C7A36B8C}.Debug|Any CPU.ActiveCfg = Debug|Any CPU
		{FC156A16-E917-4F22-8280-0301C7A36B8C}.Debug|Any CPU.Build.0 = Debug|Any CPU
		{FC156A16-E917-4F22-8280-0301C7A36B8C}.Release|Any CPU.ActiveCfg = Release|Any CPU
		{FC156A16-E917-4F22-8280-0301C7A36B8C}.Release|Any CPU.Build.0 = Release|Any CPU
		{2A24912A-9C36-4503-827E-F862A27C6ECE}.Debug|Any CPU.ActiveCfg = Debug|Any CPU
		{2A24912A-9C36-4503-827E-F862A27C6ECE}.Debug|Any CPU.Build.0 = Debug|Any CPU
		{2A24912A-9C36-4503-827E-F862A27C6ECE}.Release|Any CPU.ActiveCfg = Release|Any CPU
		{2A24912A-9C36-4503-827E-F862A27C6ECE}.Release|Any CPU.Build.0 = Release|Any CPU
		{9482E1FA-8F22-4A51-AAD0-AC02FB4D4F73}.Debug|Any CPU.ActiveCfg = Debug|Any CPU
		{9482E1FA-8F22-4A51-AAD0-AC02FB4D4F73}.Debug|Any CPU.Build.0 = Debug|Any CPU
		{9482E1FA-8F22-4A51-AAD0-AC02FB4D4F73}.Release|Any CPU.ActiveCfg = Release|Any CPU
		{9482E1FA-8F22-4A51-AAD0-AC02FB4D4F73}.Release|Any CPU.Build.0 = Release|Any CPU
		{7D2EE9E2-14FB-4980-B0DE-B556BC46A7B7}.Debug|Any CPU.ActiveCfg = Debug|Any CPU
		{7D2EE9E2-14FB-4980-B0DE-B556BC46A7B7}.Debug|Any CPU.Build.0 = Debug|Any CPU
		{7D2EE9E2-14FB-4980-B0DE-B556BC46A7B7}.Release|Any CPU.ActiveCfg = Release|Any CPU
		{7D2EE9E2-14FB-4980-B0DE-B556BC46A7B7}.Release|Any CPU.Build.0 = Release|Any CPU
		{F22B8278-7EDB-476B-967E-10B86BA39DFA}.Debug|Any CPU.ActiveCfg = Debug|Any CPU
		{F22B8278-7EDB-476B-967E-10B86BA39DFA}.Debug|Any CPU.Build.0 = Debug|Any CPU
		{F22B8278-7EDB-476B-967E-10B86BA39DFA}.Release|Any CPU.ActiveCfg = Release|Any CPU
		{F22B8278-7EDB-476B-967E-10B86BA39DFA}.Release|Any CPU.Build.0 = Release|Any CPU
		{8F83877A-86AC-43AD-8FF9-ABAB60C5D892}.Debug|Any CPU.ActiveCfg = Debug|Any CPU
		{8F83877A-86AC-43AD-8FF9-ABAB60C5D892}.Debug|Any CPU.Build.0 = Debug|Any CPU
		{8F83877A-86AC-43AD-8FF9-ABAB60C5D892}.Release|Any CPU.ActiveCfg = Release|Any CPU
		{8F83877A-86AC-43AD-8FF9-ABAB60C5D892}.Release|Any CPU.Build.0 = Release|Any CPU
	EndGlobalSection
	GlobalSection(SolutionProperties) = preSolution
		HideSolutionNode = FALSE
	EndGlobalSection
	GlobalSection(NestedProjects) = preSolution
		{C0C0F664-5180-431B-B2F2-0D52A42D6340} = {252FC743-833C-4818-9428-121EC82A14D4}
		{2389CE6F-2F46-45DA-9A17-5A28CBFC8F2C} = {DA2DA41D-5029-4753-997B-12347F14B2CD}
		{043CA48E-E505-4754-8CA0-CD0ACC65D237} = {DA2DA41D-5029-4753-997B-12347F14B2CD}
		{7E3DA45D-E1B7-4769-A82C-264BFF1DBF63} = {DA2DA41D-5029-4753-997B-12347F14B2CD}
		{FFFB3D63-A7EE-4F34-B641-9C11AC3B03D1} = {DA2DA41D-5029-4753-997B-12347F14B2CD}
		{D5FA6643-31B0-406E-9D86-A0F411F07E16} = {DA2DA41D-5029-4753-997B-12347F14B2CD}
		{DB729D3A-564F-42D2-8334-61959A22030F} = {DA2DA41D-5029-4753-997B-12347F14B2CD}
		{9FD836E4-2FA7-4222-9FB2-D7F66EAB5E57} = {DA2DA41D-5029-4753-997B-12347F14B2CD}
		{C9FE85C8-3A39-44AA-B2F4-8DC4899187FB} = {DA2DA41D-5029-4753-997B-12347F14B2CD}
		{46584BDA-91FA-421F-8652-F746428D438D} = {DA2DA41D-5029-4753-997B-12347F14B2CD}
		{08775229-50BD-4677-B801-62EDF3D0DA36} = {DA2DA41D-5029-4753-997B-12347F14B2CD}
		{E5C7EAAC-A9CD-492D-926A-C23319660906} = {DA2DA41D-5029-4753-997B-12347F14B2CD}
		{FC156A16-E917-4F22-8280-0301C7A36B8C} = {DA2DA41D-5029-4753-997B-12347F14B2CD}
		{2A24912A-9C36-4503-827E-F862A27C6ECE} = {DA2DA41D-5029-4753-997B-12347F14B2CD}
		{9482E1FA-8F22-4A51-AAD0-AC02FB4D4F73} = {DA2DA41D-5029-4753-997B-12347F14B2CD}
		{7D2EE9E2-14FB-4980-B0DE-B556BC46A7B7} = {DA2DA41D-5029-4753-997B-12347F14B2CD}
		{F22B8278-7EDB-476B-967E-10B86BA39DFA} = {DA2DA41D-5029-4753-997B-12347F14B2CD}
		{8F83877A-86AC-43AD-8FF9-ABAB60C5D892} = {DA2DA41D-5029-4753-997B-12347F14B2CD}
	EndGlobalSection
	GlobalSection(ExtensibilityGlobals) = postSolution
		SolutionGuid = {1CF8E3E7-3F27-4F88-A157-9609A64159FC}
	EndGlobalSection
EndGlobal
