
Microsoft Visual Studio Solution File, Format Version 12.00
# Visual Studio Version 17
VisualStudioVersion = 17.4.33213.308
MinimumVisualStudioVersion = 10.0.40219.1
Project("{9A19103F-16F7-4668-BE54-9A1E7A4F7556}") = "SharpLSL", "SharpLSL\SharpLSL.csproj", "{D868DFCA-FF3C-4756-AAC0-1DEF22AF90DB}"
EndProject
Project("{9A19103F-16F7-4668-BE54-9A1E7A4F7556}") = "SharpLSL.Native.win-x64", "SharpLSL.Natives\SharpLSL.Native.win-x64\SharpLSL.Native.win-x64.csproj", "{D05586CC-A210-441A-841B-8634082DF3F8}"
EndProject
Project("{9A19103F-16F7-4668-BE54-9A1E7A4F7556}") = "SharpLSL.Native.win-x86", "SharpLSL.Natives\SharpLSL.Native.win-x86\SharpLSL.Native.win-x86.csproj", "{A9440F74-C458-4C5B-B310-A1A2DE19C3F0}"
EndProject
Global
	GlobalSection(SolutionConfigurationPlatforms) = preSolution
		Debug|Any CPU = Debug|Any CPU
		Release|Any CPU = Release|Any CPU
	EndGlobalSection
	GlobalSection(ProjectConfigurationPlatforms) = postSolution
		{D868DFCA-FF3C-4756-AAC0-1DEF22AF90DB}.Debug|Any CPU.ActiveCfg = Debug|Any CPU
		{D868DFCA-FF3C-4756-AAC0-1DEF22AF90DB}.Debug|Any CPU.Build.0 = Debug|Any CPU
		{D868DFCA-FF3C-4756-AAC0-1DEF22AF90DB}.Release|Any CPU.ActiveCfg = Release|Any CPU
		{D868DFCA-FF3C-4756-AAC0-1DEF22AF90DB}.Release|Any CPU.Build.0 = Release|Any CPU
		{D05586CC-A210-441A-841B-8634082DF3F8}.Debug|Any CPU.ActiveCfg = Debug|Any CPU
		{D05586CC-A210-441A-841B-8634082DF3F8}.Debug|Any CPU.Build.0 = Debug|Any CPU
		{D05586CC-A210-441A-841B-8634082DF3F8}.Release|Any CPU.ActiveCfg = Release|Any CPU
		{D05586CC-A210-441A-841B-8634082DF3F8}.Release|Any CPU.Build.0 = Release|Any CPU
		{A9440F74-C458-4C5B-B310-A1A2DE19C3F0}.Debug|Any CPU.ActiveCfg = Debug|Any CPU
		{A9440F74-C458-4C5B-B310-A1A2DE19C3F0}.Debug|Any CPU.Build.0 = Debug|Any CPU
		{A9440F74-C458-4C5B-B310-A1A2DE19C3F0}.Release|Any CPU.ActiveCfg = Release|Any CPU
		{A9440F74-C458-4C5B-B310-A1A2DE19C3F0}.Release|Any CPU.Build.0 = Release|Any CPU
	EndGlobalSection
	GlobalSection(SolutionProperties) = preSolution
		HideSolutionNode = FALSE
	EndGlobalSection
	GlobalSection(ExtensibilityGlobals) = postSolution
		SolutionGuid = {DC951642-0519-4898-B040-D6869C5CF3B2}
	EndGlobalSection
EndGlobal
